
Microsoft Visual Studio Solution File, Format Version 12.00
# Visual Studio Version 16
VisualStudioVersion = 16.0.31321.278
MinimumVisualStudioVersion = 10.0.40219.1
Project("{FAE04EC0-301F-11D3-BF4B-00C04F79EFBC}") = "PostVideoTutorialViewComponent", "PostVideoTutorialViewComponent\PostVideoTutorialViewComponent.csproj", "{C26BA735-B52F-4A4C-8420-7D2831D85632}"
EndProject
Global
	GlobalSection(SolutionConfigurationPlatforms) = preSolution
		Debug|Any CPU = Debug|Any CPU
		Release|Any CPU = Release|Any CPU
	EndGlobalSection
	GlobalSection(ProjectConfigurationPlatforms) = postSolution
		{C26BA735-B52F-4A4C-8420-7D2831D85632}.Debug|Any CPU.ActiveCfg = Debug|Any CPU
		{C26BA735-B52F-4A4C-8420-7D2831D85632}.Debug|Any CPU.Build.0 = Debug|Any CPU
		{C26BA735-B52F-4A4C-8420-7D2831D85632}.Release|Any CPU.ActiveCfg = Release|Any CPU
		{C26BA735-B52F-4A4C-8420-7D2831D85632}.Release|Any CPU.Build.0 = Release|Any CPU
	EndGlobalSection
	GlobalSection(SolutionProperties) = preSolution
		HideSolutionNode = FALSE
	EndGlobalSection
	GlobalSection(ExtensibilityGlobals) = postSolution
		SolutionGuid = {2B7290D1-F72B-460B-BB80-4667130ED748}
	EndGlobalSection
EndGlobal
